// !$*UTF8*$!
{
	archiveVersion = 1;
	classes = {
	};
	objectVersion = 50;
	objects = {

/* Begin PBXBuildFile section */
		AA22F68922D0C66A000E0C21 /* AppDelegate.swift in Sources */ = {isa = PBXBuildFile; fileRef = AA22F68822D0C66A000E0C21 /* AppDelegate.swift */; };
		AA22F68B22D0C66A000E0C21 /* SceneDelegate.swift in Sources */ = {isa = PBXBuildFile; fileRef = AA22F68A22D0C66A000E0C21 /* SceneDelegate.swift */; };
		AA22F68D22D0C66A000E0C21 /* ContentView.swift in Sources */ = {isa = PBXBuildFile; fileRef = AA22F68C22D0C66A000E0C21 /* ContentView.swift */; };
		AA22F68F22D0C66B000E0C21 /* Assets.xcassets in Resources */ = {isa = PBXBuildFile; fileRef = AA22F68E22D0C66B000E0C21 /* Assets.xcassets */; };
		AA22F69222D0C66B000E0C21 /* Preview Assets.xcassets in Resources */ = {isa = PBXBuildFile; fileRef = AA22F69122D0C66B000E0C21 /* Preview Assets.xcassets */; };
		AA22F69522D0C66B000E0C21 /* LaunchScreen.storyboard in Resources */ = {isa = PBXBuildFile; fileRef = AA22F69322D0C66B000E0C21 /* LaunchScreen.storyboard */; };
		AA22F6A022D0C66B000E0C21 /* SwiftUIDemoTests.swift in Sources */ = {isa = PBXBuildFile; fileRef = AA22F69F22D0C66B000E0C21 /* SwiftUIDemoTests.swift */; };
		AA22F6AB22D0C66B000E0C21 /* SwiftUIDemoUITests.swift in Sources */ = {isa = PBXBuildFile; fileRef = AA22F6AA22D0C66B000E0C21 /* SwiftUIDemoUITests.swift */; };
/* End PBXBuildFile section */

/* Begin PBXContainerItemProxy section */
		AA22F69C22D0C66B000E0C21 /* PBXContainerItemProxy */ = {
			isa = PBXContainerItemProxy;
			containerPortal = AA22F67D22D0C669000E0C21 /* Project object */;
			proxyType = 1;
			remoteGlobalIDString = AA22F68422D0C66A000E0C21;
			remoteInfo = SwiftUIDemo;
		};
		AA22F6A722D0C66B000E0C21 /* PBXContainerItemProxy */ = {
			isa = PBXContainerItemProxy;
			containerPortal = AA22F67D22D0C669000E0C21 /* Project object */;
			proxyType = 1;
			remoteGlobalIDString = AA22F68422D0C66A000E0C21;
			remoteInfo = SwiftUIDemo;
		};
/* End PBXContainerItemProxy section */

/* Begin PBXFileReference section */
		AA22F68522D0C66A000E0C21 /* SwiftUIDemo.app */ = {isa = PBXFileReference; explicitFileType = wrapper.application; includeInIndex = 0; path = SwiftUIDemo.app; sourceTree = BUILT_PRODUCTS_DIR; };
		AA22F68822D0C66A000E0C21 /* AppDelegate.swift */ = {isa = PBXFileReference; lastKnownFileType = sourcecode.swift; path = AppDelegate.swift; sourceTree = "<group>"; };
		AA22F68A22D0C66A000E0C21 /* SceneDelegate.swift */ = {isa = PBXFileReference; lastKnownFileType = sourcecode.swift; path = SceneDelegate.swift; sourceTree = "<group>"; };
		AA22F68C22D0C66A000E0C21 /* ContentView.swift */ = {isa = PBXFileReference; lastKnownFileType = sourcecode.swift; path = ContentView.swift; sourceTree = "<group>"; };
		AA22F68E22D0C66B000E0C21 /* Assets.xcassets */ = {isa = PBXFileReference; lastKnownFileType = folder.assetcatalog; path = Assets.xcassets; sourceTree = "<group>"; };
		AA22F69122D0C66B000E0C21 /* Preview Assets.xcassets */ = {isa = PBXFileReference; lastKnownFileType = folder.assetcatalog; path = "Preview Assets.xcassets"; sourceTree = "<group>"; };
		AA22F69422D0C66B000E0C21 /* Base */ = {isa = PBXFileReference; lastKnownFileType = file.storyboard; name = Base; path = Base.lproj/LaunchScreen.storyboard; sourceTree = "<group>"; };
		AA22F69622D0C66B000E0C21 /* Info.plist */ = {isa = PBXFileReference; lastKnownFileType = text.plist.xml; path = Info.plist; sourceTree = "<group>"; };
		AA22F69B22D0C66B000E0C21 /* SwiftUIDemoTests.xctest */ = {isa = PBXFileReference; explicitFileType = wrapper.cfbundle; includeInIndex = 0; path = SwiftUIDemoTests.xctest; sourceTree = BUILT_PRODUCTS_DIR; };
		AA22F69F22D0C66B000E0C21 /* SwiftUIDemoTests.swift */ = {isa = PBXFileReference; lastKnownFileType = sourcecode.swift; path = SwiftUIDemoTests.swift; sourceTree = "<group>"; };
		AA22F6A122D0C66B000E0C21 /* Info.plist */ = {isa = PBXFileReference; lastKnownFileType = text.plist.xml; path = Info.plist; sourceTree = "<group>"; };
		AA22F6A622D0C66B000E0C21 /* SwiftUIDemoUITests.xctest */ = {isa = PBXFileReference; explicitFileType = wrapper.cfbundle; includeInIndex = 0; path = SwiftUIDemoUITests.xctest; sourceTree = BUILT_PRODUCTS_DIR; };
		AA22F6AA22D0C66B000E0C21 /* SwiftUIDemoUITests.swift */ = {isa = PBXFileReference; lastKnownFileType = sourcecode.swift; path = SwiftUIDemoUITests.swift; sourceTree = "<group>"; };
		AA22F6AC22D0C66B000E0C21 /* Info.plist */ = {isa = PBXFileReference; lastKnownFileType = text.plist.xml; path = Info.plist; sourceTree = "<group>"; };
/* End PBXFileReference section */

/* Begin PBXFrameworksBuildPhase section */
		AA22F68222D0C66A000E0C21 /* Frameworks */ = {
			isa = PBXFrameworksBuildPhase;
			buildActionMask = 2147483647;
			files = (
			);
			runOnlyForDeploymentPostprocessing = 0;
		};
		AA22F69822D0C66B000E0C21 /* Frameworks */ = {
			isa = PBXFrameworksBuildPhase;
			buildActionMask = 2147483647;
			files = (
			);
			runOnlyForDeploymentPostprocessing = 0;
		};
		AA22F6A322D0C66B000E0C21 /* Frameworks */ = {
			isa = PBXFrameworksBuildPhase;
			buildActionMask = 2147483647;
			files = (
			);
			runOnlyForDeploymentPostprocessing = 0;
		};
/* End PBXFrameworksBuildPhase section */

/* Begin PBXGroup section */
		AA22F67C22D0C669000E0C21 = {
			isa = PBXGroup;
			children = (
				AA22F68722D0C66A000E0C21 /* SwiftUIDemo */,
				AA22F69E22D0C66B000E0C21 /* SwiftUIDemoTests */,
				AA22F6A922D0C66B000E0C21 /* SwiftUIDemoUITests */,
				AA22F68622D0C66A000E0C21 /* Products */,
			);
			sourceTree = "<group>";
		};
		AA22F68622D0C66A000E0C21 /* Products */ = {
			isa = PBXGroup;
			children = (
				AA22F68522D0C66A000E0C21 /* SwiftUIDemo.app */,
				AA22F69B22D0C66B000E0C21 /* SwiftUIDemoTests.xctest */,
				AA22F6A622D0C66B000E0C21 /* SwiftUIDemoUITests.xctest */,
			);
			name = Products;
			sourceTree = "<group>";
		};
		AA22F68722D0C66A000E0C21 /* SwiftUIDemo */ = {
			isa = PBXGroup;
			children = (
				AA22F68822D0C66A000E0C21 /* AppDelegate.swift */,
				AA22F68A22D0C66A000E0C21 /* SceneDelegate.swift */,
				AA22F68C22D0C66A000E0C21 /* ContentView.swift */,
				AA22F68E22D0C66B000E0C21 /* Assets.xcassets */,
				AA22F69322D0C66B000E0C21 /* LaunchScreen.storyboard */,
				AA22F69622D0C66B000E0C21 /* Info.plist */,
				AA22F69022D0C66B000E0C21 /* Preview Content */,
			);
			path = SwiftUIDemo;
			sourceTree = "<group>";
		};
		AA22F69022D0C66B000E0C21 /* Preview Content */ = {
			isa = PBXGroup;
			children = (
				AA22F69122D0C66B000E0C21 /* Preview Assets.xcassets */,
			);
			path = "Preview Content";
			sourceTree = "<group>";
		};
		AA22F69E22D0C66B000E0C21 /* SwiftUIDemoTests */ = {
			isa = PBXGroup;
			children = (
				AA22F69F22D0C66B000E0C21 /* SwiftUIDemoTests.swift */,
				AA22F6A122D0C66B000E0C21 /* Info.plist */,
			);
			path = SwiftUIDemoTests;
			sourceTree = "<group>";
		};
		AA22F6A922D0C66B000E0C21 /* SwiftUIDemoUITests */ = {
			isa = PBXGroup;
			children = (
				AA22F6AA22D0C66B000E0C21 /* SwiftUIDemoUITests.swift */,
				AA22F6AC22D0C66B000E0C21 /* Info.plist */,
			);
			path = SwiftUIDemoUITests;
			sourceTree = "<group>";
		};
/* End PBXGroup section */

/* Begin PBXNativeTarget section */
		AA22F68422D0C66A000E0C21 /* SwiftUIDemo */ = {
			isa = PBXNativeTarget;
			buildConfigurationList = AA22F6AF22D0C66B000E0C21 /* Build configuration list for PBXNativeTarget "SwiftUIDemo" */;
			buildPhases = (
				AA22F68122D0C66A000E0C21 /* Sources */,
				AA22F68222D0C66A000E0C21 /* Frameworks */,
				AA22F68322D0C66A000E0C21 /* Resources */,
			);
			buildRules = (
			);
			dependencies = (
			);
			name = SwiftUIDemo;
			productName = SwiftUIDemo;
			productReference = AA22F68522D0C66A000E0C21 /* SwiftUIDemo.app */;
			productType = "com.apple.product-type.application";
		};
		AA22F69A22D0C66B000E0C21 /* SwiftUIDemoTests */ = {
			isa = PBXNativeTarget;
			buildConfigurationList = AA22F6B222D0C66B000E0C21 /* Build configuration list for PBXNativeTarget "SwiftUIDemoTests" */;
			buildPhases = (
				AA22F69722D0C66B000E0C21 /* Sources */,
				AA22F69822D0C66B000E0C21 /* Frameworks */,
				AA22F69922D0C66B000E0C21 /* Resources */,
			);
			buildRules = (
			);
			dependencies = (
				AA22F69D22D0C66B000E0C21 /* PBXTargetDependency */,
			);
			name = SwiftUIDemoTests;
			productName = SwiftUIDemoTests;
			productReference = AA22F69B22D0C66B000E0C21 /* SwiftUIDemoTests.xctest */;
			productType = "com.apple.product-type.bundle.unit-test";
		};
		AA22F6A522D0C66B000E0C21 /* SwiftUIDemoUITests */ = {
			isa = PBXNativeTarget;
			buildConfigurationList = AA22F6B522D0C66B000E0C21 /* Build configuration list for PBXNativeTarget "SwiftUIDemoUITests" */;
			buildPhases = (
				AA22F6A222D0C66B000E0C21 /* Sources */,
				AA22F6A322D0C66B000E0C21 /* Frameworks */,
				AA22F6A422D0C66B000E0C21 /* Resources */,
			);
			buildRules = (
			);
			dependencies = (
				AA22F6A822D0C66B000E0C21 /* PBXTargetDependency */,
			);
			name = SwiftUIDemoUITests;
			productName = SwiftUIDemoUITests;
			productReference = AA22F6A622D0C66B000E0C21 /* SwiftUIDemoUITests.xctest */;
			productType = "com.apple.product-type.bundle.ui-testing";
		};
/* End PBXNativeTarget section */

/* Begin PBXProject section */
		AA22F67D22D0C669000E0C21 /* Project object */ = {
			isa = PBXProject;
			attributes = {
				LastSwiftUpdateCheck = 1100;
				LastUpgradeCheck = 1100;
				ORGANIZATIONNAME = madhikarma;
				TargetAttributes = {
					AA22F68422D0C66A000E0C21 = {
						CreatedOnToolsVersion = 11.0;
					};
					AA22F69A22D0C66B000E0C21 = {
						CreatedOnToolsVersion = 11.0;
						TestTargetID = AA22F68422D0C66A000E0C21;
					};
					AA22F6A522D0C66B000E0C21 = {
						CreatedOnToolsVersion = 11.0;
						TestTargetID = AA22F68422D0C66A000E0C21;
					};
				};
			};
			buildConfigurationList = AA22F68022D0C669000E0C21 /* Build configuration list for PBXProject "SwiftUIDemo" */;
			compatibilityVersion = "Xcode 9.3";
			developmentRegion = en;
			hasScannedForEncodings = 0;
			knownRegions = (
				en,
				Base,
			);
			mainGroup = AA22F67C22D0C669000E0C21;
			productRefGroup = AA22F68622D0C66A000E0C21 /* Products */;
			projectDirPath = "";
			projectRoot = "";
			targets = (
				AA22F68422D0C66A000E0C21 /* SwiftUIDemo */,
				AA22F69A22D0C66B000E0C21 /* SwiftUIDemoTests */,
				AA22F6A522D0C66B000E0C21 /* SwiftUIDemoUITests */,
			);
		};
/* End PBXProject section */

/* Begin PBXResourcesBuildPhase section */
		AA22F68322D0C66A000E0C21 /* Resources */ = {
			isa = PBXResourcesBuildPhase;
			buildActionMask = 2147483647;
			files = (
				AA22F69522D0C66B000E0C21 /* LaunchScreen.storyboard in Resources */,
				AA22F69222D0C66B000E0C21 /* Preview Assets.xcassets in Resources */,
				AA22F68F22D0C66B000E0C21 /* Assets.xcassets in Resources */,
			);
			runOnlyForDeploymentPostprocessing = 0;
		};
		AA22F69922D0C66B000E0C21 /* Resources */ = {
			isa = PBXResourcesBuildPhase;
			buildActionMask = 2147483647;
			files = (
			);
			runOnlyForDeploymentPostprocessing = 0;
		};
		AA22F6A422D0C66B000E0C21 /* Resources */ = {
			isa = PBXResourcesBuildPhase;
			buildActionMask = 2147483647;
			files = (
			);
			runOnlyForDeploymentPostprocessing = 0;
		};
/* End PBXResourcesBuildPhase section */

/* Begin PBXSourcesBuildPhase section */
		AA22F68122D0C66A000E0C21 /* Sources */ = {
			isa = PBXSourcesBuildPhase;
			buildActionMask = 2147483647;
			files = (
				AA22F68922D0C66A000E0C21 /* AppDelegate.swift in Sources */,
				AA22F68B22D0C66A000E0C21 /* SceneDelegate.swift in Sources */,
				AA22F68D22D0C66A000E0C21 /* ContentView.swift in Sources */,
			);
			runOnlyForDeploymentPostprocessing = 0;
		};
		AA22F69722D0C66B000E0C21 /* Sources */ = {
			isa = PBXSourcesBuildPhase;
			buildActionMask = 2147483647;
			files = (
				AA22F6A022D0C66B000E0C21 /* SwiftUIDemoTests.swift in Sources */,
			);
			runOnlyForDeploymentPostprocessing = 0;
		};
		AA22F6A222D0C66B000E0C21 /* Sources */ = {
			isa = PBXSourcesBuildPhase;
			buildActionMask = 2147483647;
			files = (
				AA22F6AB22D0C66B000E0C21 /* SwiftUIDemoUITests.swift in Sources */,
			);
			runOnlyForDeploymentPostprocessing = 0;
		};
/* End PBXSourcesBuildPhase section */

/* Begin PBXTargetDependency section */
		AA22F69D22D0C66B000E0C21 /* PBXTargetDependency */ = {
			isa = PBXTargetDependency;
			target = AA22F68422D0C66A000E0C21 /* SwiftUIDemo */;
			targetProxy = AA22F69C22D0C66B000E0C21 /* PBXContainerItemProxy */;
		};
		AA22F6A822D0C66B000E0C21 /* PBXTargetDependency */ = {
			isa = PBXTargetDependency;
			target = AA22F68422D0C66A000E0C21 /* SwiftUIDemo */;
			targetProxy = AA22F6A722D0C66B000E0C21 /* PBXContainerItemProxy */;
		};
/* End PBXTargetDependency section */

/* Begin PBXVariantGroup section */
		AA22F69322D0C66B000E0C21 /* LaunchScreen.storyboard */ = {
			isa = PBXVariantGroup;
			children = (
				AA22F69422D0C66B000E0C21 /* Base */,
			);
			name = LaunchScreen.storyboard;
			sourceTree = "<group>";
		};
/* End PBXVariantGroup section */

/* Begin XCBuildConfiguration section */
		AA22F6AD22D0C66B000E0C21 /* Debug */ = {
			isa = XCBuildConfiguration;
			buildSettings = {
				ALWAYS_SEARCH_USER_PATHS = NO;
				CLANG_ANALYZER_NONNULL = YES;
				CLANG_ANALYZER_NUMBER_OBJECT_CONVERSION = YES_AGGRESSIVE;
				CLANG_CXX_LANGUAGE_STANDARD = "gnu++14";
				CLANG_CXX_LIBRARY = "libc++";
				CLANG_ENABLE_MODULES = YES;
				CLANG_ENABLE_OBJC_ARC = YES;
				CLANG_ENABLE_OBJC_WEAK = YES;
				CLANG_WARN_BLOCK_CAPTURE_AUTORELEASING = YES;
				CLANG_WARN_BOOL_CONVERSION = YES;
				CLANG_WARN_COMMA = YES;
				CLANG_WARN_CONSTANT_CONVERSION = YES;
				CLANG_WARN_DEPRECATED_OBJC_IMPLEMENTATIONS = YES;
				CLANG_WARN_DIRECT_OBJC_ISA_USAGE = YES_ERROR;
				CLANG_WARN_DOCUMENTATION_COMMENTS = YES;
				CLANG_WARN_EMPTY_BODY = YES;
				CLANG_WARN_ENUM_CONVERSION = YES;
				CLANG_WARN_INFINITE_RECURSION = YES;
				CLANG_WARN_INT_CONVERSION = YES;
				CLANG_WARN_NON_LITERAL_NULL_CONVERSION = YES;
				CLANG_WARN_OBJC_IMPLICIT_RETAIN_SELF = YES;
				CLANG_WARN_OBJC_LITERAL_CONVERSION = YES;
				CLANG_WARN_OBJC_ROOT_CLASS = YES_ERROR;
				CLANG_WARN_RANGE_LOOP_ANALYSIS = YES;
				CLANG_WARN_STRICT_PROTOTYPES = YES;
				CLANG_WARN_SUSPICIOUS_MOVE = YES;
				CLANG_WARN_UNGUARDED_AVAILABILITY = YES_AGGRESSIVE;
				CLANG_WARN_UNREACHABLE_CODE = YES;
				CLANG_WARN__DUPLICATE_METHOD_MATCH = YES;
				COPY_PHASE_STRIP = NO;
				DEBUG_INFORMATION_FORMAT = dwarf;
				ENABLE_STRICT_OBJC_MSGSEND = YES;
				ENABLE_TESTABILITY = YES;
				GCC_C_LANGUAGE_STANDARD = gnu11;
				GCC_DYNAMIC_NO_PIC = NO;
				GCC_NO_COMMON_BLOCKS = YES;
				GCC_OPTIMIZATION_LEVEL = 0;
				GCC_PREPROCESSOR_DEFINITIONS = (
					"DEBUG=1",
					"$(inherited)",
				);
				GCC_WARN_64_TO_32_BIT_CONVERSION = YES;
				GCC_WARN_ABOUT_RETURN_TYPE = YES_ERROR;
				GCC_WARN_UNDECLARED_SELECTOR = YES;
				GCC_WARN_UNINITIALIZED_AUTOS = YES_AGGRESSIVE;
				GCC_WARN_UNUSED_FUNCTION = YES;
				GCC_WARN_UNUSED_VARIABLE = YES;
				IPHONEOS_DEPLOYMENT_TARGET = 13.0;
				MTL_ENABLE_DEBUG_INFO = INCLUDE_SOURCE;
				MTL_FAST_MATH = YES;
				ONLY_ACTIVE_ARCH = YES;
				SDKROOT = iphoneos;
				SWIFT_ACTIVE_COMPILATION_CONDITIONS = DEBUG;
				SWIFT_OPTIMIZATION_LEVEL = "-Onone";
			};
			name = Debug;
		};
		AA22F6AE22D0C66B000E0C21 /* Release */ = {
			isa = XCBuildConfiguration;
			buildSettings = {
				ALWAYS_SEARCH_USER_PATHS = NO;
				CLANG_ANALYZER_NONNULL = YES;
				CLANG_ANALYZER_NUMBER_OBJECT_CONVERSION = YES_AGGRESSIVE;
				CLANG_CXX_LANGUAGE_STANDARD = "gnu++14";
				CLANG_CXX_LIBRARY = "libc++";
				CLANG_ENABLE_MODULES = YES;
				CLANG_ENABLE_OBJC_ARC = YES;
				CLANG_ENABLE_OBJC_WEAK = YES;
				CLANG_WARN_BLOCK_CAPTURE_AUTORELEASING = YES;
				CLANG_WARN_BOOL_CONVERSION = YES;
				CLANG_WARN_COMMA = YES;
				CLANG_WARN_CONSTANT_CONVERSION = YES;
				CLANG_WARN_DEPRECATED_OBJC_IMPLEMENTATIONS = YES;
				CLANG_WARN_DIRECT_OBJC_ISA_USAGE = YES_ERROR;
				CLANG_WARN_DOCUMENTATION_COMMENTS = YES;
				CLANG_WARN_EMPTY_BODY = YES;
				CLANG_WARN_ENUM_CONVERSION = YES;
				CLANG_WARN_INFINITE_RECURSION = YES;
				CLANG_WARN_INT_CONVERSION = YES;
				CLANG_WARN_NON_LITERAL_NULL_CONVERSION = YES;
				CLANG_WARN_OBJC_IMPLICIT_RETAIN_SELF = YES;
				CLANG_WARN_OBJC_LITERAL_CONVERSION = YES;
				CLANG_WARN_OBJC_ROOT_CLASS = YES_ERROR;
				CLANG_WARN_RANGE_LOOP_ANALYSIS = YES;
				CLANG_WARN_STRICT_PROTOTYPES = YES;
				CLANG_WARN_SUSPICIOUS_MOVE = YES;
				CLANG_WARN_UNGUARDED_AVAILABILITY = YES_AGGRESSIVE;
				CLANG_WARN_UNREACHABLE_CODE = YES;
				CLANG_WARN__DUPLICATE_METHOD_MATCH = YES;
				COPY_PHASE_STRIP = NO;
				DEBUG_INFORMATION_FORMAT = "dwarf-with-dsym";
				ENABLE_NS_ASSERTIONS = NO;
				ENABLE_STRICT_OBJC_MSGSEND = YES;
				GCC_C_LANGUAGE_STANDARD = gnu11;
				GCC_NO_COMMON_BLOCKS = YES;
				GCC_WARN_64_TO_32_BIT_CONVERSION = YES;
				GCC_WARN_ABOUT_RETURN_TYPE = YES_ERROR;
				GCC_WARN_UNDECLARED_SELECTOR = YES;
				GCC_WARN_UNINITIALIZED_AUTOS = YES_AGGRESSIVE;
				GCC_WARN_UNUSED_FUNCTION = YES;
				GCC_WARN_UNUSED_VARIABLE = YES;
				IPHONEOS_DEPLOYMENT_TARGET = 13.0;
				MTL_ENABLE_DEBUG_INFO = NO;
				MTL_FAST_MATH = YES;
				SDKROOT = iphoneos;
				SWIFT_COMPILATION_MODE = wholemodule;
				SWIFT_OPTIMIZATION_LEVEL = "-O";
				VALIDATE_PRODUCT = YES;
			};
			name = Release;
		};
		AA22F6B022D0C66B000E0C21 /* Debug */ = {
			isa = XCBuildConfiguration;
			buildSettings = {
				ASSETCATALOG_COMPILER_APPICON_NAME = AppIcon;
				CODE_SIGN_STYLE = Automatic;
				DEVELOPMENT_ASSET_PATHS = "SwiftUIDemo/Preview\\ Content";
				DEVELOPMENT_TEAM = YE754YUBD2;
				ENABLE_PREVIEWS = YES;
				INFOPLIST_FILE = SwiftUIDemo/Info.plist;
				LD_RUNPATH_SEARCH_PATHS = (
					"$(inherited)",
					"@executable_path/Frameworks",
				);
				PRODUCT_BUNDLE_IDENTIFIER = com.madhikarma.SwiftUIDemo;
				PRODUCT_NAME = "$(TARGET_NAME)";
				SWIFT_VERSION = 5.0;
				TARGETED_DEVICE_FAMILY = "1,2";
			};
			name = Debug;
		};
		AA22F6B122D0C66B000E0C21 /* Release */ = {
			isa = XCBuildConfiguration;
			buildSettings = {
				ASSETCATALOG_COMPILER_APPICON_NAME = AppIcon;
				CODE_SIGN_STYLE = Automatic;
				DEVELOPMENT_ASSET_PATHS = "SwiftUIDemo/Preview\\ Content";
				DEVELOPMENT_TEAM = YE754YUBD2;
				ENABLE_PREVIEWS = YES;
				INFOPLIST_FILE = SwiftUIDemo/Info.plist;
				LD_RUNPATH_SEARCH_PATHS = (
					"$(inherited)",
					"@executable_path/Frameworks",
				);
				PRODUCT_BUNDLE_IDENTIFIER = com.madhikarma.SwiftUIDemo;
				PRODUCT_NAME = "$(TARGET_NAME)";
				SWIFT_VERSION = 5.0;
				TARGETED_DEVICE_FAMILY = "1,2";
			};
			name = Release;
		};
		AA22F6B322D0C66B000E0C21 /* Debug */ = {
			isa = XCBuildConfiguration;
			buildSettings = {
				ALWAYS_EMBED_SWIFT_STANDARD_LIBRARIES = YES;
				BUNDLE_LOADER = "$(TEST_HOST)";
				CODE_SIGN_STYLE = Automatic;
				DEVELOPMENT_TEAM = YE754YUBD2;
				INFOPLIST_FILE = SwiftUIDemoTests/Info.plist;
				LD_RUNPATH_SEARCH_PATHS = (
					"$(inherited)",
					"@executable_path/Frameworks",
					"@loader_path/Frameworks",
				);
				PRODUCT_BUNDLE_IDENTIFIER = com.madhikarma.SwiftUIDemoTests;
				PRODUCT_NAME = "$(TARGET_NAME)";
				SWIFT_VERSION = 5.0;
				TARGETED_DEVICE_FAMILY = "1,2";
				TEST_HOST = "$(BUILT_PRODUCTS_DIR)/SwiftUIDemo.app/SwiftUIDemo";
			};
			name = Debug;
		};
		AA22F6B422D0C66B000E0C21 /* Release */ = {
			isa = XCBuildConfiguration;
			buildSettings = {
				ALWAYS_EMBED_SWIFT_STANDARD_LIBRARIES = YES;
				BUNDLE_LOADER = "$(TEST_HOST)";
				CODE_SIGN_STYLE = Automatic;
				DEVELOPMENT_TEAM = YE754YUBD2;
				INFOPLIST_FILE = SwiftUIDemoTests/Info.plist;
				LD_RUNPATH_SEARCH_PATHS = (
					"$(inherited)",
					"@executable_path/Frameworks",
					"@loader_path/Frameworks",
				);
				PRODUCT_BUNDLE_IDENTIFIER = com.madhikarma.SwiftUIDemoTests;
				PRODUCT_NAME = "$(TARGET_NAME)";
				SWIFT_VERSION = 5.0;
				TARGETED_DEVICE_FAMILY = "1,2";
				TEST_HOST = "$(BUILT_PRODUCTS_DIR)/SwiftUIDemo.app/SwiftUIDemo";
			};
			name = Release;
		};
		AA22F6B622D0C66B000E0C21 /* Debug */ = {
			isa = XCBuildConfiguration;
			buildSettings = {
				ALWAYS_EMBED_SWIFT_STANDARD_LIBRARIES = YES;
				CODE_SIGN_STYLE = Automatic;
				DEVELOPMENT_TEAM = YE754YUBD2;
				INFOPLIST_FILE = SwiftUIDemoUITests/Info.plist;
				LD_RUNPATH_SEARCH_PATHS = (
					"$(inherited)",
					"@executable_path/Frameworks",
					"@loader_path/Frameworks",
				);
				PRODUCT_BUNDLE_IDENTIFIER = com.madhikarma.SwiftUIDemoUITests;
				PRODUCT_NAME = "$(TARGET_NAME)";
				SWIFT_VERSION = 5.0;
				TARGETED_DEVICE_FAMILY = "1,2";
				TEST_TARGET_NAME = SwiftUIDemo;
			};
			name = Debug;
		};
		AA22F6B722D0C66B000E0C21 /* Release */ = {
			isa = XCBuildConfiguration;
			buildSettings = {
				ALWAYS_EMBED_SWIFT_STANDARD_LIBRARIES = YES;
				CODE_SIGN_STYLE = Automatic;
				DEVELOPMENT_TEAM = YE754YUBD2;
				INFOPLIST_FILE = SwiftUIDemoUITests/Info.plist;
				LD_RUNPATH_SEARCH_PATHS = (
					"$(inherited)",
					"@executable_path/Frameworks",
					"@loader_path/Frameworks",
				);
				PRODUCT_BUNDLE_IDENTIFIER = com.madhikarma.SwiftUIDemoUITests;
				PRODUCT_NAME = "$(TARGET_NAME)";
				SWIFT_VERSION = 5.0;
				TARGETED_DEVICE_FAMILY = "1,2";
				TEST_TARGET_NAME = SwiftUIDemo;
			};
			name = Release;
		};
/* End XCBuildConfiguration section */

/* Begin XCConfigurationList section */
		AA22F68022D0C669000E0C21 /* Build configuration list for PBXProject "SwiftUIDemo" */ = {
			isa = XCConfigurationList;
			buildConfigurations = (
				AA22F6AD22D0C66B000E0C21 /* Debug */,
				AA22F6AE22D0C66B000E0C21 /* Release */,
			);
			defaultConfigurationIsVisible = 0;
			defaultConfigurationName = Release;
		};
		AA22F6AF22D0C66B000E0C21 /* Build configuration list for PBXNativeTarget "SwiftUIDemo" */ = {
			isa = XCConfigurationList;
			buildConfigurations = (
				AA22F6B022D0C66B000E0C21 /* Debug */,
				AA22F6B122D0C66B000E0C21 /* Release */,
			);
			defaultConfigurationIsVisible = 0;
			defaultConfigurationName = Release;
		};
		AA22F6B222D0C66B000E0C21 /* Build configuration list for PBXNativeTarget "SwiftUIDemoTests" */ = {
			isa = XCConfigurationList;
			buildConfigurations = (
				AA22F6B322D0C66B000E0C21 /* Debug */,
				AA22F6B422D0C66B000E0C21 /* Release */,
			);
			defaultConfigurationIsVisible = 0;
			defaultConfigurationName = Release;
		};
		AA22F6B522D0C66B000E0C21 /* Build configuration list for PBXNativeTarget "SwiftUIDemoUITests" */ = {
			isa = XCConfigurationList;
			buildConfigurations = (
				AA22F6B622D0C66B000E0C21 /* Debug */,
				AA22F6B722D0C66B000E0C21 /* Release */,
			);
			defaultConfigurationIsVisible = 0;
			defaultConfigurationName = Release;
		};
/* End XCConfigurationList section */
	};
	rootObject = AA22F67D22D0C669000E0C21 /* Project object */;
}
