// !$*UTF8*$!
{
	archiveVersion = 1;
	classes = {
	};
	objectVersion = 50;
	objects = {

/* Begin PBXBuildFile section */
		AACCFB4B20A3F15500583C21 /* Assets.xcassets in Resources */ = {isa = PBXBuildFile; fileRef = AACCFB4A20A3F15500583C21 /* Assets.xcassets */; };
		AACCFB4E20A3F15500583C21 /* LaunchScreen.storyboard in Resources */ = {isa = PBXBuildFile; fileRef = AACCFB4C20A3F15500583C21 /* LaunchScreen.storyboard */; };
		AACCFB7620A4167100583C21 /* CoreDataDemo.xcdatamodeld in Sources */ = {isa = PBXBuildFile; fileRef = AACCFB7020A4167100583C21 /* CoreDataDemo.xcdatamodeld */; };
		AACCFB7720A4167100583C21 /* Record.swift in Sources */ = {isa = PBXBuildFile; fileRef = AACCFB7220A4167100583C21 /* Record.swift */; };
		AACCFB7820A4167100583C21 /* ViewController.swift in Sources */ = {isa = PBXBuildFile; fileRef = AACCFB7320A4167100583C21 /* ViewController.swift */; };
		AACCFB7920A4167100583C21 /* AppDelegate.swift in Sources */ = {isa = PBXBuildFile; fileRef = AACCFB7420A4167100583C21 /* AppDelegate.swift */; };
		AACCFB7A20A4167100583C21 /* CoreDataController.swift in Sources */ = {isa = PBXBuildFile; fileRef = AACCFB7520A4167100583C21 /* CoreDataController.swift */; };
		AAF7EAAF20A7542F00DE5E27 /* View.swift in Sources */ = {isa = PBXBuildFile; fileRef = AAF7EAAE20A7542F00DE5E27 /* View.swift */; };
/* End PBXBuildFile section */

/* Begin PBXFileReference section */
		AACCFB3D20A3F15400583C21 /* CoreDataDemo.app */ = {isa = PBXFileReference; explicitFileType = wrapper.application; includeInIndex = 0; path = CoreDataDemo.app; sourceTree = BUILT_PRODUCTS_DIR; };
		AACCFB4A20A3F15500583C21 /* Assets.xcassets */ = {isa = PBXFileReference; lastKnownFileType = folder.assetcatalog; path = Assets.xcassets; sourceTree = "<group>"; };
		AACCFB4D20A3F15500583C21 /* Base */ = {isa = PBXFileReference; lastKnownFileType = file.storyboard; name = Base; path = Base.lproj/LaunchScreen.storyboard; sourceTree = "<group>"; };
		AACCFB4F20A3F15500583C21 /* Info.plist */ = {isa = PBXFileReference; lastKnownFileType = text.plist.xml; path = Info.plist; sourceTree = "<group>"; };
		AACCFB7120A4167100583C21 /* CoreDataDemo.xcdatamodel */ = {isa = PBXFileReference; lastKnownFileType = wrapper.xcdatamodel; path = CoreDataDemo.xcdatamodel; sourceTree = "<group>"; };
		AACCFB7220A4167100583C21 /* Record.swift */ = {isa = PBXFileReference; fileEncoding = 4; lastKnownFileType = sourcecode.swift; path = Record.swift; sourceTree = "<group>"; };
		AACCFB7320A4167100583C21 /* ViewController.swift */ = {isa = PBXFileReference; fileEncoding = 4; lastKnownFileType = sourcecode.swift; path = ViewController.swift; sourceTree = "<group>"; };
		AACCFB7420A4167100583C21 /* AppDelegate.swift */ = {isa = PBXFileReference; fileEncoding = 4; lastKnownFileType = sourcecode.swift; path = AppDelegate.swift; sourceTree = "<group>"; };
		AACCFB7520A4167100583C21 /* CoreDataController.swift */ = {isa = PBXFileReference; fileEncoding = 4; lastKnownFileType = sourcecode.swift; path = CoreDataController.swift; sourceTree = "<group>"; };
		AAF7EAAE20A7542F00DE5E27 /* View.swift */ = {isa = PBXFileReference; lastKnownFileType = sourcecode.swift; path = View.swift; sourceTree = "<group>"; };
/* End PBXFileReference section */

/* Begin PBXFrameworksBuildPhase section */
		AACCFB3A20A3F15400583C21 /* Frameworks */ = {
			isa = PBXFrameworksBuildPhase;
			buildActionMask = 2147483647;
			files = (
			);
			runOnlyForDeploymentPostprocessing = 0;
		};
/* End PBXFrameworksBuildPhase section */

/* Begin PBXGroup section */
		AACCFB3420A3F15400583C21 = {
			isa = PBXGroup;
			children = (
				AACCFB3F20A3F15400583C21 /* CoreDataDemo */,
				AACCFB3E20A3F15400583C21 /* Products */,
			);
			sourceTree = "<group>";
		};
		AACCFB3E20A3F15400583C21 /* Products */ = {
			isa = PBXGroup;
			children = (
				AACCFB3D20A3F15400583C21 /* CoreDataDemo.app */,
			);
			name = Products;
			sourceTree = "<group>";
		};
		AACCFB3F20A3F15400583C21 /* CoreDataDemo */ = {
			isa = PBXGroup;
			children = (
				AACCFB6820A4135200583C21 /* Supporting files */,
				AACCFB6720A4134200583C21 /* Source */,
				AACCFB6620A4133C00583C21 /* Resources */,
			);
			path = CoreDataDemo;
			sourceTree = "<group>";
		};
		AACCFB6620A4133C00583C21 /* Resources */ = {
			isa = PBXGroup;
			children = (
				AACCFB6A20A4136600583C21 /* Assets */,
				AACCFB6920A4135D00583C21 /* Storyboards */,
			);
			path = Resources;
			sourceTree = "<group>";
		};
		AACCFB6720A4134200583C21 /* Source */ = {
			isa = PBXGroup;
			children = (
				AACCFB7420A4167100583C21 /* AppDelegate.swift */,
				AACCFB7020A4167100583C21 /* CoreDataDemo.xcdatamodeld */,
				AACCFB7520A4167100583C21 /* CoreDataController.swift */,
				AACCFB7220A4167100583C21 /* Record.swift */,
				AACCFB7320A4167100583C21 /* ViewController.swift */,
				AAF7EAAE20A7542F00DE5E27 /* View.swift */,
			);
			path = Source;
			sourceTree = "<group>";
		};
		AACCFB6820A4135200583C21 /* Supporting files */ = {
			isa = PBXGroup;
			children = (
				AACCFB4F20A3F15500583C21 /* Info.plist */,
			);
			path = "Supporting files";
			sourceTree = "<group>";
		};
		AACCFB6920A4135D00583C21 /* Storyboards */ = {
			isa = PBXGroup;
			children = (
				AACCFB4C20A3F15500583C21 /* LaunchScreen.storyboard */,
			);
			path = Storyboards;
			sourceTree = "<group>";
		};
		AACCFB6A20A4136600583C21 /* Assets */ = {
			isa = PBXGroup;
			children = (
				AACCFB4A20A3F15500583C21 /* Assets.xcassets */,
			);
			path = Assets;
			sourceTree = "<group>";
		};
/* End PBXGroup section */

/* Begin PBXNativeTarget section */
		AACCFB3C20A3F15400583C21 /* CoreDataDemo */ = {
			isa = PBXNativeTarget;
			buildConfigurationList = AACCFB5220A3F15500583C21 /* Build configuration list for PBXNativeTarget "CoreDataDemo" */;
			buildPhases = (
				AACCFB3920A3F15400583C21 /* Sources */,
				AACCFB3A20A3F15400583C21 /* Frameworks */,
				AACCFB3B20A3F15400583C21 /* Resources */,
			);
			buildRules = (
			);
			dependencies = (
			);
			name = CoreDataDemo;
			productName = CoreDataDemo;
			productReference = AACCFB3D20A3F15400583C21 /* CoreDataDemo.app */;
			productType = "com.apple.product-type.application";
		};
/* End PBXNativeTarget section */

/* Begin PBXProject section */
		AACCFB3520A3F15400583C21 /* Project object */ = {
			isa = PBXProject;
			attributes = {
				LastSwiftUpdateCheck = 0930;
				LastUpgradeCheck = 0930;
				ORGANIZATIONNAME = ustwo;
				TargetAttributes = {
					AACCFB3C20A3F15400583C21 = {
						CreatedOnToolsVersion = 9.3;
						LastSwiftMigration = 0930;
					};
				};
			};
			buildConfigurationList = AACCFB3820A3F15400583C21 /* Build configuration list for PBXProject "CoreDataDemo" */;
			compatibilityVersion = "Xcode 9.3";
			developmentRegion = en;
			hasScannedForEncodings = 0;
			knownRegions = (
				en,
				Base,
			);
			mainGroup = AACCFB3420A3F15400583C21;
			productRefGroup = AACCFB3E20A3F15400583C21 /* Products */;
			projectDirPath = "";
			projectRoot = "";
			targets = (
				AACCFB3C20A3F15400583C21 /* CoreDataDemo */,
			);
		};
/* End PBXProject section */

/* Begin PBXResourcesBuildPhase section */
		AACCFB3B20A3F15400583C21 /* Resources */ = {
			isa = PBXResourcesBuildPhase;
			buildActionMask = 2147483647;
			files = (
				AACCFB4E20A3F15500583C21 /* LaunchScreen.storyboard in Resources */,
				AACCFB4B20A3F15500583C21 /* Assets.xcassets in Resources */,
			);
			runOnlyForDeploymentPostprocessing = 0;
		};
/* End PBXResourcesBuildPhase section */

/* Begin PBXSourcesBuildPhase section */
		AACCFB3920A3F15400583C21 /* Sources */ = {
			isa = PBXSourcesBuildPhase;
			buildActionMask = 2147483647;
			files = (
				AACCFB7A20A4167100583C21 /* CoreDataController.swift in Sources */,
				AACCFB7920A4167100583C21 /* AppDelegate.swift in Sources */,
				AAF7EAAF20A7542F00DE5E27 /* View.swift in Sources */,
				AACCFB7820A4167100583C21 /* ViewController.swift in Sources */,
				AACCFB7720A4167100583C21 /* Record.swift in Sources */,
				AACCFB7620A4167100583C21 /* CoreDataDemo.xcdatamodeld in Sources */,
			);
			runOnlyForDeploymentPostprocessing = 0;
		};
/* End PBXSourcesBuildPhase section */

/* Begin PBXVariantGroup section */
		AACCFB4C20A3F15500583C21 /* LaunchScreen.storyboard */ = {
			isa = PBXVariantGroup;
			children = (
				AACCFB4D20A3F15500583C21 /* Base */,
			);
			name = LaunchScreen.storyboard;
			sourceTree = "<group>";
		};
/* End PBXVariantGroup section */

/* Begin XCBuildConfiguration section */
		AACCFB5020A3F15500583C21 /* Debug */ = {
			isa = XCBuildConfiguration;
			buildSettings = {
				ALWAYS_SEARCH_USER_PATHS = NO;
				CLANG_ANALYZER_NONNULL = YES;
				CLANG_ANALYZER_NUMBER_OBJECT_CONVERSION = YES_AGGRESSIVE;
				CLANG_CXX_LANGUAGE_STANDARD = "gnu++14";
				CLANG_CXX_LIBRARY = "libc++";
				CLANG_ENABLE_MODULES = YES;
				CLANG_ENABLE_OBJC_ARC = YES;
				CLANG_ENABLE_OBJC_WEAK = YES;
				CLANG_WARN_BLOCK_CAPTURE_AUTORELEASING = YES;
				CLANG_WARN_BOOL_CONVERSION = YES;
				CLANG_WARN_COMMA = YES;
				CLANG_WARN_CONSTANT_CONVERSION = YES;
				CLANG_WARN_DEPRECATED_OBJC_IMPLEMENTATIONS = YES;
				CLANG_WARN_DIRECT_OBJC_ISA_USAGE = YES_ERROR;
				CLANG_WARN_DOCUMENTATION_COMMENTS = YES;
				CLANG_WARN_EMPTY_BODY = YES;
				CLANG_WARN_ENUM_CONVERSION = YES;
				CLANG_WARN_INFINITE_RECURSION = YES;
				CLANG_WARN_INT_CONVERSION = YES;
				CLANG_WARN_NON_LITERAL_NULL_CONVERSION = YES;
				CLANG_WARN_OBJC_IMPLICIT_RETAIN_SELF = YES;
				CLANG_WARN_OBJC_LITERAL_CONVERSION = YES;
				CLANG_WARN_OBJC_ROOT_CLASS = YES_ERROR;
				CLANG_WARN_RANGE_LOOP_ANALYSIS = YES;
				CLANG_WARN_STRICT_PROTOTYPES = YES;
				CLANG_WARN_SUSPICIOUS_MOVE = YES;
				CLANG_WARN_UNGUARDED_AVAILABILITY = YES_AGGRESSIVE;
				CLANG_WARN_UNREACHABLE_CODE = YES;
				CLANG_WARN__DUPLICATE_METHOD_MATCH = YES;
				CODE_SIGN_IDENTITY = "iPhone Developer";
				COPY_PHASE_STRIP = NO;
				DEBUG_INFORMATION_FORMAT = dwarf;
				ENABLE_STRICT_OBJC_MSGSEND = YES;
				ENABLE_TESTABILITY = YES;
				GCC_C_LANGUAGE_STANDARD = gnu11;
				GCC_DYNAMIC_NO_PIC = NO;
				GCC_NO_COMMON_BLOCKS = YES;
				GCC_OPTIMIZATION_LEVEL = 0;
				GCC_PREPROCESSOR_DEFINITIONS = (
					"DEBUG=1",
					"$(inherited)",
				);
				GCC_WARN_64_TO_32_BIT_CONVERSION = YES;
				GCC_WARN_ABOUT_RETURN_TYPE = YES_ERROR;
				GCC_WARN_UNDECLARED_SELECTOR = YES;
				GCC_WARN_UNINITIALIZED_AUTOS = YES_AGGRESSIVE;
				GCC_WARN_UNUSED_FUNCTION = YES;
				GCC_WARN_UNUSED_VARIABLE = YES;
				IPHONEOS_DEPLOYMENT_TARGET = 11.3;
				MTL_ENABLE_DEBUG_INFO = YES;
				ONLY_ACTIVE_ARCH = YES;
				SDKROOT = iphoneos;
				SWIFT_ACTIVE_COMPILATION_CONDITIONS = DEBUG;
				SWIFT_OPTIMIZATION_LEVEL = "-Onone";
			};
			name = Debug;
		};
		AACCFB5120A3F15500583C21 /* Release */ = {
			isa = XCBuildConfiguration;
			buildSettings = {
				ALWAYS_SEARCH_USER_PATHS = NO;
				CLANG_ANALYZER_NONNULL = YES;
				CLANG_ANALYZER_NUMBER_OBJECT_CONVERSION = YES_AGGRESSIVE;
				CLANG_CXX_LANGUAGE_STANDARD = "gnu++14";
				CLANG_CXX_LIBRARY = "libc++";
				CLANG_ENABLE_MODULES = YES;
				CLANG_ENABLE_OBJC_ARC = YES;
				CLANG_ENABLE_OBJC_WEAK = YES;
				CLANG_WARN_BLOCK_CAPTURE_AUTORELEASING = YES;
				CLANG_WARN_BOOL_CONVERSION = YES;
				CLANG_WARN_COMMA = YES;
				CLANG_WARN_CONSTANT_CONVERSION = YES;
				CLANG_WARN_DEPRECATED_OBJC_IMPLEMENTATIONS = YES;
				CLANG_WARN_DIRECT_OBJC_ISA_USAGE = YES_ERROR;
				CLANG_WARN_DOCUMENTATION_COMMENTS = YES;
				CLANG_WARN_EMPTY_BODY = YES;
				CLANG_WARN_ENUM_CONVERSION = YES;
				CLANG_WARN_INFINITE_RECURSION = YES;
				CLANG_WARN_INT_CONVERSION = YES;
				CLANG_WARN_NON_LITERAL_NULL_CONVERSION = YES;
				CLANG_WARN_OBJC_IMPLICIT_RETAIN_SELF = YES;
				CLANG_WARN_OBJC_LITERAL_CONVERSION = YES;
				CLANG_WARN_OBJC_ROOT_CLASS = YES_ERROR;
				CLANG_WARN_RANGE_LOOP_ANALYSIS = YES;
				CLANG_WARN_STRICT_PROTOTYPES = YES;
				CLANG_WARN_SUSPICIOUS_MOVE = YES;
				CLANG_WARN_UNGUARDED_AVAILABILITY = YES_AGGRESSIVE;
				CLANG_WARN_UNREACHABLE_CODE = YES;
				CLANG_WARN__DUPLICATE_METHOD_MATCH = YES;
				CODE_SIGN_IDENTITY = "iPhone Developer";
				COPY_PHASE_STRIP = NO;
				DEBUG_INFORMATION_FORMAT = "dwarf-with-dsym";
				ENABLE_NS_ASSERTIONS = NO;
				ENABLE_STRICT_OBJC_MSGSEND = YES;
				GCC_C_LANGUAGE_STANDARD = gnu11;
				GCC_NO_COMMON_BLOCKS = YES;
				GCC_WARN_64_TO_32_BIT_CONVERSION = YES;
				GCC_WARN_ABOUT_RETURN_TYPE = YES_ERROR;
				GCC_WARN_UNDECLARED_SELECTOR = YES;
				GCC_WARN_UNINITIALIZED_AUTOS = YES_AGGRESSIVE;
				GCC_WARN_UNUSED_FUNCTION = YES;
				GCC_WARN_UNUSED_VARIABLE = YES;
				IPHONEOS_DEPLOYMENT_TARGET = 11.3;
				MTL_ENABLE_DEBUG_INFO = NO;
				SDKROOT = iphoneos;
				SWIFT_COMPILATION_MODE = wholemodule;
				SWIFT_OPTIMIZATION_LEVEL = "-O";
				VALIDATE_PRODUCT = YES;
			};
			name = Release;
		};
		AACCFB5320A3F15500583C21 /* Debug */ = {
			isa = XCBuildConfiguration;
			buildSettings = {
				ASSETCATALOG_COMPILER_APPICON_NAME = AppIcon;
				CLANG_ENABLE_MODULES = YES;
				CODE_SIGN_STYLE = Automatic;
				DEVELOPMENT_TEAM = N4674UHEVY;
				INFOPLIST_FILE = "$(SRCROOT)/CoreDataDemo/Supporting files/Info.plist";
				LD_RUNPATH_SEARCH_PATHS = (
					"$(inherited)",
					"@executable_path/Frameworks",
				);
				PRODUCT_BUNDLE_IDENTIFIER = com.madhikarma.CoreDataDemo;
				PRODUCT_NAME = "$(TARGET_NAME)";
				SWIFT_OPTIMIZATION_LEVEL = "-Onone";
				SWIFT_VERSION = 4.0;
				TARGETED_DEVICE_FAMILY = "1,2";
			};
			name = Debug;
		};
		AACCFB5420A3F15500583C21 /* Release */ = {
			isa = XCBuildConfiguration;
			buildSettings = {
				ASSETCATALOG_COMPILER_APPICON_NAME = AppIcon;
				CLANG_ENABLE_MODULES = YES;
				CODE_SIGN_STYLE = Automatic;
				DEVELOPMENT_TEAM = N4674UHEVY;
				INFOPLIST_FILE = "$(SRCROOT)/CoreDataDemo/Supporting files/Info.plist";
				LD_RUNPATH_SEARCH_PATHS = (
					"$(inherited)",
					"@executable_path/Frameworks",
				);
				PRODUCT_BUNDLE_IDENTIFIER = com.madhikarma.CoreDataDemo;
				PRODUCT_NAME = "$(TARGET_NAME)";
				SWIFT_VERSION = 4.0;
				TARGETED_DEVICE_FAMILY = "1,2";
			};
			name = Release;
		};
/* End XCBuildConfiguration section */

/* Begin XCConfigurationList section */
		AACCFB3820A3F15400583C21 /* Build configuration list for PBXProject "CoreDataDemo" */ = {
			isa = XCConfigurationList;
			buildConfigurations = (
				AACCFB5020A3F15500583C21 /* Debug */,
				AACCFB5120A3F15500583C21 /* Release */,
			);
			defaultConfigurationIsVisible = 0;
			defaultConfigurationName = Release;
		};
		AACCFB5220A3F15500583C21 /* Build configuration list for PBXNativeTarget "CoreDataDemo" */ = {
			isa = XCConfigurationList;
			buildConfigurations = (
				AACCFB5320A3F15500583C21 /* Debug */,
				AACCFB5420A3F15500583C21 /* Release */,
			);
			defaultConfigurationIsVisible = 0;
			defaultConfigurationName = Release;
		};
/* End XCConfigurationList section */

/* Begin XCVersionGroup section */
		AACCFB7020A4167100583C21 /* CoreDataDemo.xcdatamodeld */ = {
			isa = XCVersionGroup;
			children = (
				AACCFB7120A4167100583C21 /* CoreDataDemo.xcdatamodel */,
			);
			currentVersion = AACCFB7120A4167100583C21 /* CoreDataDemo.xcdatamodel */;
			path = CoreDataDemo.xcdatamodeld;
			sourceTree = "<group>";
			versionGroupType = wrapper.xcdatamodel;
		};
/* End XCVersionGroup section */
	};
	rootObject = AACCFB3520A3F15400583C21 /* Project object */;
}
